// !$*UTF8*$!
{
	archiveVersion = 1;
	classes = {
	};
	objectVersion = 46;
	objects = {

/* Begin PBXBuildFile section */
		78111E09155D12B7000A3337 /* CreateSubmissionViewController.m in Sources */ = {isa = PBXBuildFile; fileRef = 78111E07155D12B7000A3337 /* CreateSubmissionViewController.m */; };
		78111E0A155D12B7000A3337 /* CreateSubmissionViewController.xib in Resources */ = {isa = PBXBuildFile; fileRef = 78111E08155D12B7000A3337 /* CreateSubmissionViewController.xib */; };
		78111E0C155D14D6000A3337 /* AddressBook.framework in Frameworks */ = {isa = PBXBuildFile; fileRef = 78111E0B155D14D6000A3337 /* AddressBook.framework */; };
		78111E0E155D14DB000A3337 /* AddressBookUI.framework in Frameworks */ = {isa = PBXBuildFile; fileRef = 78111E0D155D14DB000A3337 /* AddressBookUI.framework */; };
		781B0EAA156671AC00FB45D3 /* MyContact.m in Sources */ = {isa = PBXBuildFile; fileRef = 781B0EA9156671AC00FB45D3 /* MyContact.m */; };
		783BFD051573FE4E00D4CC1E /* Track.m in Sources */ = {isa = PBXBuildFile; fileRef = 783BFD041573FE4E00D4CC1E /* Track.m */; };
		783BFD081573FE4F00D4CC1E /* User.m in Sources */ = {isa = PBXBuildFile; fileRef = 783BFD071573FE4F00D4CC1E /* User.m */; };
		783BFD0E1573FE5000D4CC1E /* Contact.m in Sources */ = {isa = PBXBuildFile; fileRef = 783BFD0D1573FE5000D4CC1E /* Contact.m */; };
		783BFD1215741CD000D4CC1E /* WriteSubmissionMessage.m in Sources */ = {isa = PBXBuildFile; fileRef = 783BFD1015741CCF00D4CC1E /* WriteSubmissionMessage.m */; };
		783BFD1315741CD000D4CC1E /* WriteSubmissionMessage.xib in Resources */ = {isa = PBXBuildFile; fileRef = 783BFD1115741CD000D4CC1E /* WriteSubmissionMessage.xib */; };
		783BFD1D15744A3500D4CC1E /* ViewPastSubmissionsController.m in Sources */ = {isa = PBXBuildFile; fileRef = 783BFD1B15744A3400D4CC1E /* ViewPastSubmissionsController.m */; };
		783BFD1E15744A3500D4CC1E /* ViewPastSubmissionsController.xib in Resources */ = {isa = PBXBuildFile; fileRef = 783BFD1C15744A3500D4CC1E /* ViewPastSubmissionsController.xib */; };
		7874C5E3159E12D600A9A327 /* CustomRegisterViewController.m in Sources */ = {isa = PBXBuildFile; fileRef = 7874C5E1159E12D600A9A327 /* CustomRegisterViewController.m */; };
		7874C5E4159E12D600A9A327 /* CustomRegisterViewController.xib in Resources */ = {isa = PBXBuildFile; fileRef = 7874C5E2159E12D600A9A327 /* CustomRegisterViewController.xib */; };
		78759F3E156C5E4700E24826 /* SelectTrackViewController.m in Sources */ = {isa = PBXBuildFile; fileRef = 78759F3C156C5E4700E24826 /* SelectTrackViewController.m */; };
		78759F3F156C5E4700E24826 /* SelectTrackViewController.xib in Resources */ = {isa = PBXBuildFile; fileRef = 78759F3D156C5E4700E24826 /* SelectTrackViewController.xib */; };
		78759F49156C685000E24826 /* MyTrack.m in Sources */ = {isa = PBXBuildFile; fileRef = 78759F48156C685000E24826 /* MyTrack.m */; };
		787F665A159BAAB7001766B7 /* SubmissionDetailsViewController.m in Sources */ = {isa = PBXBuildFile; fileRef = 787F6658159BAAB7001766B7 /* SubmissionDetailsViewController.m */; };
		787F665B159BAAB7001766B7 /* SubmissionDetailsViewController.xib in Resources */ = {isa = PBXBuildFile; fileRef = 787F6659159BAAB7001766B7 /* SubmissionDetailsViewController.xib */; };
		789ACB031558A59200E6C53A /* SubmissionViewController.m in Sources */ = {isa = PBXBuildFile; fileRef = 789ACB011558A59200E6C53A /* SubmissionViewController.m */; };
		789ACB041558A59200E6C53A /* SubmissionViewController.xib in Resources */ = {isa = PBXBuildFile; fileRef = 789ACB021558A59200E6C53A /* SubmissionViewController.xib */; };
		78AB00841592A60500F625DE /* Security.framework in Frameworks */ = {isa = PBXBuildFile; fileRef = 78AB00831592A60500F625DE /* Security.framework */; };
		78AB00861592AD4300F625DE /* QuartzCore.framework in Frameworks */ = {isa = PBXBuildFile; fileRef = 78AB00851592AD4300F625DE /* QuartzCore.framework */; };
		78B56BF9162441E700CEEE31 /* Default-568h@2x.png in Resources */ = {isa = PBXBuildFile; fileRef = 78B56BF8162441E700CEEE31 /* Default-568h@2x.png */; };
		78B71A0F15965D9100C82D5F /* RegViewController.m in Sources */ = {isa = PBXBuildFile; fileRef = 78B71A0D15965D9100C82D5F /* RegViewController.m */; };
		78B71A1015965D9100C82D5F /* RegViewController.xib in Resources */ = {isa = PBXBuildFile; fileRef = 78B71A0E15965D9100C82D5F /* RegViewController.xib */; };
		78C4897D16330EB4005B72BA /* 96-book.png in Resources */ = {isa = PBXBuildFile; fileRef = 78C4895516330EB4005B72BA /* 96-book.png */; };
		78C4897E16330EB4005B72BA /* backgroun_w_logo.png in Resources */ = {isa = PBXBuildFile; fileRef = 78C4895616330EB4005B72BA /* backgroun_w_logo.png */; };
		78C4897F16330EB4005B72BA /* backgroun_w_logo@2x.png in Resources */ = {isa = PBXBuildFile; fileRef = 78C4895716330EB4005B72BA /* backgroun_w_logo@2x.png */; };
		78C4898016330EB4005B72BA /* background_plain.png in Resources */ = {isa = PBXBuildFile; fileRef = 78C4895816330EB4005B72BA /* background_plain.png */; };
		78C4898116330EB4005B72BA /* background_plain@2x.png in Resources */ = {isa = PBXBuildFile; fileRef = 78C4895916330EB4005B72BA /* background_plain@2x.png */; };
		78C4898216330EB4005B72BA /* background_w_logo.png in Resources */ = {isa = PBXBuildFile; fileRef = 78C4895A16330EB4005B72BA /* background_w_logo.png */; };
		78C4898316330EB4005B72BA /* background_w_logo@2x.png in Resources */ = {isa = PBXBuildFile; fileRef = 78C4895B16330EB4005B72BA /* background_w_logo@2x.png */; };
		78C4898416330EB4005B72BA /* background.png in Resources */ = {isa = PBXBuildFile; fileRef = 78C4895C16330EB4005B72BA /* background.png */; };
		78C4898516330EB4005B72BA /* background@2x.png in Resources */ = {isa = PBXBuildFile; fileRef = 78C4895D16330EB4005B72BA /* background@2x.png */; };
		78C4898616330EB4005B72BA /* blue_button.png in Resources */ = {isa = PBXBuildFile; fileRef = 78C4895E16330EB4005B72BA /* blue_button.png */; };
		78C4898716330EB4005B72BA /* blue_button@2x.png in Resources */ = {isa = PBXBuildFile; fileRef = 78C4895F16330EB4005B72BA /* blue_button@2x.png */; };
		78C4898916330EB4005B72BA /* cassbeats_tutorial_text.png in Resources */ = {isa = PBXBuildFile; fileRef = 78C4896116330EB4005B72BA /* cassbeats_tutorial_text.png */; };
		78C4898A16330EB4005B72BA /* cassbeats-case-logo.png in Resources */ = {isa = PBXBuildFile; fileRef = 78C4896216330EB4005B72BA /* cassbeats-case-logo.png */; };
		78C4898B16330EB4005B72BA /* cassbeats-case-logo@2x.png in Resources */ = {isa = PBXBuildFile; fileRef = 78C4896316330EB4005B72BA /* cassbeats-case-logo@2x.png */; };
		78C4898C16330EB4005B72BA /* Default.png in Resources */ = {isa = PBXBuildFile; fileRef = 78C4896416330EB4005B72BA /* Default.png */; };
		78C4898D16330EB4005B72BA /* Default@2x.png in Resources */ = {isa = PBXBuildFile; fileRef = 78C4896516330EB4005B72BA /* Default@2x.png */; };
		78C4898E16330EB4005B72BA /* icon_folder_bookmark.png in Resources */ = {isa = PBXBuildFile; fileRef = 78C4896616330EB4005B72BA /* icon_folder_bookmark.png */; };
		78C4898F16330EB4005B72BA /* icon_folder_bookmark@2x.png in Resources */ = {isa = PBXBuildFile; fileRef = 78C4896716330EB4005B72BA /* icon_folder_bookmark@2x.png */; };
		78C4899216330EB4005B72BA /* left_nav_button.png in Resources */ = {isa = PBXBuildFile; fileRef = 78C4896A16330EB4005B72BA /* left_nav_button.png */; };
		78C4899316330EB4005B72BA /* left_nav_button@2x.png in Resources */ = {isa = PBXBuildFile; fileRef = 78C4896B16330EB4005B72BA /* left_nav_button@2x.png */; };
		78C4899416330EB4005B72BA /* logo.png in Resources */ = {isa = PBXBuildFile; fileRef = 78C4896C16330EB4005B72BA /* logo.png */; };
		78C4899516330EB4005B72BA /* logo@2x.png in Resources */ = {isa = PBXBuildFile; fileRef = 78C4896D16330EB4005B72BA /* logo@2x.png */; };
		78C4899816330EB4005B72BA /* navbar.png in Resources */ = {isa = PBXBuildFile; fileRef = 78C4897016330EB4005B72BA /* navbar.png */; };
		78C4899916330EB4005B72BA /* navbar@2x.png in Resources */ = {isa = PBXBuildFile; fileRef = 78C4897116330EB4005B72BA /* navbar@2x.png */; };
		78C4899A16330EB4005B72BA /* navbar2_bg.png in Resources */ = {isa = PBXBuildFile; fileRef = 78C4897216330EB4005B72BA /* navbar2_bg.png */; };
		78C4899B16330EB4005B72BA /* navbar2_bg@2x.png in Resources */ = {isa = PBXBuildFile; fileRef = 78C4897316330EB4005B72BA /* navbar2_bg@2x.png */; };
		78C4899C16330EB4005B72BA /* orange_button.png in Resources */ = {isa = PBXBuildFile; fileRef = 78C4897416330EB4005B72BA /* orange_button.png */; };
		78C4899D16330EB4005B72BA /* orange_button@2px.png in Resources */ = {isa = PBXBuildFile; fileRef = 78C4897516330EB4005B72BA /* orange_button@2px.png */; };
		78C4899E16330EB4005B72BA /* right_nav_button.png in Resources */ = {isa = PBXBuildFile; fileRef = 78C4897616330EB4005B72BA /* right_nav_button.png */; };
		78C4899F16330EB4005B72BA /* right_nav_button@2x.png in Resources */ = {isa = PBXBuildFile; fileRef = 78C4897716330EB4005B72BA /* right_nav_button@2x.png */; };
		78C489A016330EB4005B72BA /* tabbar_bg.png in Resources */ = {isa = PBXBuildFile; fileRef = 78C4897816330EB4005B72BA /* tabbar_bg.png */; };
		78C489A116330EB4005B72BA /* tabbar_bg@2x.png in Resources */ = {isa = PBXBuildFile; fileRef = 78C4897916330EB4005B72BA /* tabbar_bg@2x.png */; };
		78C489A71633149B005B72BA /* 96-book@2x.png in Resources */ = {isa = PBXBuildFile; fileRef = 78C489A51633149B005B72BA /* 96-book@2x.png */; };
		78C489A81633149B005B72BA /* cassbeats_tutorial_text@2x.png in Resources */ = {isa = PBXBuildFile; fileRef = 78C489A61633149B005B72BA /* cassbeats_tutorial_text@2x.png */; };
		78C489AE163361A4005B72BA /* appIcon.png in Resources */ = {isa = PBXBuildFile; fileRef = 78C489AD163361A4005B72BA /* appIcon.png */; };
		78C489B0163361B0005B72BA /* appIcon@2x.png in Resources */ = {isa = PBXBuildFile; fileRef = 78C489AF163361B0005B72BA /* appIcon@2x.png */; };
		78DFDF5115500177008FF2FF /* UIKit.framework in Frameworks */ = {isa = PBXBuildFile; fileRef = 78DFDF5015500177008FF2FF /* UIKit.framework */; };
		78DFDF5315500177008FF2FF /* Foundation.framework in Frameworks */ = {isa = PBXBuildFile; fileRef = 78DFDF5215500177008FF2FF /* Foundation.framework */; };
		78DFDF5515500177008FF2FF /* CoreGraphics.framework in Frameworks */ = {isa = PBXBuildFile; fileRef = 78DFDF5415500177008FF2FF /* CoreGraphics.framework */; };
		78DFDF5B15500178008FF2FF /* InfoPlist.strings in Resources */ = {isa = PBXBuildFile; fileRef = 78DFDF5915500178008FF2FF /* InfoPlist.strings */; };
		78DFDF5D15500178008FF2FF /* main.m in Sources */ = {isa = PBXBuildFile; fileRef = 78DFDF5C15500178008FF2FF /* main.m */; };
		78DFDF6115500178008FF2FF /* AppDelegate.m in Sources */ = {isa = PBXBuildFile; fileRef = 78DFDF6015500178008FF2FF /* AppDelegate.m */; };
		78DFDF68155001E0008FF2FF /* MainWindow.xib in Resources */ = {isa = PBXBuildFile; fileRef = 78DFDF67155001E0008FF2FF /* MainWindow.xib */; };
		78DFDF6F155004CE008FF2FF /* LoginViewController.m in Sources */ = {isa = PBXBuildFile; fileRef = 78DFDF6D155004CE008FF2FF /* LoginViewController.m */; };
		78DFDF70155004CE008FF2FF /* LoginViewController.xib in Resources */ = {isa = PBXBuildFile; fileRef = 78DFDF6E155004CE008FF2FF /* LoginViewController.xib */; };
		78DFDF7315500738008FF2FF /* AppModel.m in Sources */ = {isa = PBXBuildFile; fileRef = 78DFDF7215500738008FF2FF /* AppModel.m */; };
		78DFDFAB155286A2008FF2FF /* CoreData.framework in Frameworks */ = {isa = PBXBuildFile; fileRef = 78DFDFAA155286A2008FF2FF /* CoreData.framework */; };
		78DFDFB015528C15008FF2FF /* CassBeatsPro.xcdatamodeld in Sources */ = {isa = PBXBuildFile; fileRef = 78DFDFAE15528C15008FF2FF /* CassBeatsPro.xcdatamodeld */; };
		78E3E24316369D900033DBDD /* cassbeats-case-logo2x_copy.png in Resources */ = {isa = PBXBuildFile; fileRef = 78E3E24216369D900033DBDD /* cassbeats-case-logo2x_copy.png */; };
		78E3E24516369F8D0033DBDD /* CassBeats-Mobile-Logo-text.png in Resources */ = {isa = PBXBuildFile; fileRef = 78E3E24416369F8D0033DBDD /* CassBeats-Mobile-Logo-text.png */; };
		78E4B16815611D6100B0074A /* SelectContactViewController.m in Sources */ = {isa = PBXBuildFile; fileRef = 78E4B16615611D6100B0074A /* SelectContactViewController.m */; };
		78E4B16915611D6100B0074A /* SelectContactViewController.xib in Resources */ = {isa = PBXBuildFile; fileRef = 78E4B16715611D6100B0074A /* SelectContactViewController.xib */; };
		78E83560162EA982009C8E35 /* TutorialViewController.xib in Resources */ = {isa = PBXBuildFile; fileRef = 78E8355E162EA982009C8E35 /* TutorialViewController.xib */; };
		78E83570162FF5FC009C8E35 /* TutorialViewController.m in Sources */ = {isa = PBXBuildFile; fileRef = 78E8356F162FF5FB009C8E35 /* TutorialViewController.m */; };
		78FE926C163A904700EAC7DD /* Submission.m in Sources */ = {isa = PBXBuildFile; fileRef = 78FE926B163A904700EAC7DD /* Submission.m */; };
/* End PBXBuildFile section */

/* Begin PBXFileReference section */
		78111E06155D12B7000A3337 /* CreateSubmissionViewController.h */ = {isa = PBXFileReference; fileEncoding = 4; lastKnownFileType = sourcecode.c.h; path = CreateSubmissionViewController.h; sourceTree = "<group>"; };
		78111E07155D12B7000A3337 /* CreateSubmissionViewController.m */ = {isa = PBXFileReference; fileEncoding = 4; lastKnownFileType = sourcecode.c.objc; path = CreateSubmissionViewController.m; sourceTree = "<group>"; };
		78111E08155D12B7000A3337 /* CreateSubmissionViewController.xib */ = {isa = PBXFileReference; fileEncoding = 4; lastKnownFileType = file.xib; path = CreateSubmissionViewController.xib; sourceTree = "<group>"; };
		78111E0B155D14D6000A3337 /* AddressBook.framework */ = {isa = PBXFileReference; lastKnownFileType = wrapper.framework; name = AddressBook.framework; path = System/Library/Frameworks/AddressBook.framework; sourceTree = SDKROOT; };
		78111E0D155D14DB000A3337 /* AddressBookUI.framework */ = {isa = PBXFileReference; lastKnownFileType = wrapper.framework; name = AddressBookUI.framework; path = System/Library/Frameworks/AddressBookUI.framework; sourceTree = SDKROOT; };
		781B0EA8156671AC00FB45D3 /* MyContact.h */ = {isa = PBXFileReference; fileEncoding = 4; lastKnownFileType = sourcecode.c.h; path = MyContact.h; sourceTree = "<group>"; };
		781B0EA9156671AC00FB45D3 /* MyContact.m */ = {isa = PBXFileReference; fileEncoding = 4; lastKnownFileType = sourcecode.c.objc; path = MyContact.m; sourceTree = "<group>"; };
		783BFD031573FE4E00D4CC1E /* Track.h */ = {isa = PBXFileReference; fileEncoding = 4; lastKnownFileType = sourcecode.c.h; path = Track.h; sourceTree = "<group>"; };
		783BFD041573FE4E00D4CC1E /* Track.m */ = {isa = PBXFileReference; fileEncoding = 4; lastKnownFileType = sourcecode.c.objc; path = Track.m; sourceTree = "<group>"; };
		783BFD061573FE4F00D4CC1E /* User.h */ = {isa = PBXFileReference; fileEncoding = 4; lastKnownFileType = sourcecode.c.h; path = User.h; sourceTree = "<group>"; };
		783BFD071573FE4F00D4CC1E /* User.m */ = {isa = PBXFileReference; fileEncoding = 4; lastKnownFileType = sourcecode.c.objc; path = User.m; sourceTree = "<group>"; };
		783BFD0C1573FE4F00D4CC1E /* Contact.h */ = {isa = PBXFileReference; fileEncoding = 4; lastKnownFileType = sourcecode.c.h; path = Contact.h; sourceTree = "<group>"; };
		783BFD0D1573FE5000D4CC1E /* Contact.m */ = {isa = PBXFileReference; fileEncoding = 4; lastKnownFileType = sourcecode.c.objc; path = Contact.m; sourceTree = "<group>"; };
		783BFD0F15741CCF00D4CC1E /* WriteSubmissionMessage.h */ = {isa = PBXFileReference; fileEncoding = 4; lastKnownFileType = sourcecode.c.h; path = WriteSubmissionMessage.h; sourceTree = "<group>"; };
		783BFD1015741CCF00D4CC1E /* WriteSubmissionMessage.m */ = {isa = PBXFileReference; fileEncoding = 4; lastKnownFileType = sourcecode.c.objc; path = WriteSubmissionMessage.m; sourceTree = "<group>"; };
		783BFD1115741CD000D4CC1E /* WriteSubmissionMessage.xib */ = {isa = PBXFileReference; fileEncoding = 4; lastKnownFileType = file.xib; path = WriteSubmissionMessage.xib; sourceTree = "<group>"; };
		783BFD1A15744A3400D4CC1E /* ViewPastSubmissionsController.h */ = {isa = PBXFileReference; fileEncoding = 4; lastKnownFileType = sourcecode.c.h; path = ViewPastSubmissionsController.h; sourceTree = "<group>"; };
		783BFD1B15744A3400D4CC1E /* ViewPastSubmissionsController.m */ = {isa = PBXFileReference; fileEncoding = 4; lastKnownFileType = sourcecode.c.objc; path = ViewPastSubmissionsController.m; sourceTree = "<group>"; };
		783BFD1C15744A3500D4CC1E /* ViewPastSubmissionsController.xib */ = {isa = PBXFileReference; fileEncoding = 4; lastKnownFileType = file.xib; path = ViewPastSubmissionsController.xib; sourceTree = "<group>"; };
		7874C5E0159E12D500A9A327 /* CustomRegisterViewController.h */ = {isa = PBXFileReference; fileEncoding = 4; lastKnownFileType = sourcecode.c.h; path = CustomRegisterViewController.h; sourceTree = "<group>"; };
		7874C5E1159E12D600A9A327 /* CustomRegisterViewController.m */ = {isa = PBXFileReference; fileEncoding = 4; lastKnownFileType = sourcecode.c.objc; path = CustomRegisterViewController.m; sourceTree = "<group>"; };
		7874C5E2159E12D600A9A327 /* CustomRegisterViewController.xib */ = {isa = PBXFileReference; fileEncoding = 4; lastKnownFileType = file.xib; path = CustomRegisterViewController.xib; sourceTree = "<group>"; };
		78759F3B156C5E4700E24826 /* SelectTrackViewController.h */ = {isa = PBXFileReference; fileEncoding = 4; lastKnownFileType = sourcecode.c.h; path = SelectTrackViewController.h; sourceTree = "<group>"; };
		78759F3C156C5E4700E24826 /* SelectTrackViewController.m */ = {isa = PBXFileReference; fileEncoding = 4; lastKnownFileType = sourcecode.c.objc; path = SelectTrackViewController.m; sourceTree = "<group>"; };
		78759F3D156C5E4700E24826 /* SelectTrackViewController.xib */ = {isa = PBXFileReference; fileEncoding = 4; lastKnownFileType = file.xib; path = SelectTrackViewController.xib; sourceTree = "<group>"; };
		78759F47156C685000E24826 /* MyTrack.h */ = {isa = PBXFileReference; fileEncoding = 4; lastKnownFileType = sourcecode.c.h; path = MyTrack.h; sourceTree = "<group>"; };
		78759F48156C685000E24826 /* MyTrack.m */ = {isa = PBXFileReference; fileEncoding = 4; lastKnownFileType = sourcecode.c.objc; path = MyTrack.m; sourceTree = "<group>"; };
		787F6657159BAAB7001766B7 /* SubmissionDetailsViewController.h */ = {isa = PBXFileReference; fileEncoding = 4; lastKnownFileType = sourcecode.c.h; path = SubmissionDetailsViewController.h; sourceTree = "<group>"; };
		787F6658159BAAB7001766B7 /* SubmissionDetailsViewController.m */ = {isa = PBXFileReference; fileEncoding = 4; lastKnownFileType = sourcecode.c.objc; path = SubmissionDetailsViewController.m; sourceTree = "<group>"; };
		787F6659159BAAB7001766B7 /* SubmissionDetailsViewController.xib */ = {isa = PBXFileReference; fileEncoding = 4; lastKnownFileType = file.xib; path = SubmissionDetailsViewController.xib; sourceTree = "<group>"; };
		789ACB001558A59200E6C53A /* SubmissionViewController.h */ = {isa = PBXFileReference; fileEncoding = 4; lastKnownFileType = sourcecode.c.h; path = SubmissionViewController.h; sourceTree = "<group>"; };
		789ACB011558A59200E6C53A /* SubmissionViewController.m */ = {isa = PBXFileReference; fileEncoding = 4; lastKnownFileType = sourcecode.c.objc; path = SubmissionViewController.m; sourceTree = "<group>"; };
		789ACB021558A59200E6C53A /* SubmissionViewController.xib */ = {isa = PBXFileReference; fileEncoding = 4; lastKnownFileType = file.xib; path = SubmissionViewController.xib; sourceTree = "<group>"; };
		78AB00831592A60500F625DE /* Security.framework */ = {isa = PBXFileReference; lastKnownFileType = wrapper.framework; name = Security.framework; path = System/Library/Frameworks/Security.framework; sourceTree = SDKROOT; };
		78AB00851592AD4300F625DE /* QuartzCore.framework */ = {isa = PBXFileReference; lastKnownFileType = wrapper.framework; name = QuartzCore.framework; path = System/Library/Frameworks/QuartzCore.framework; sourceTree = SDKROOT; };
		78B56BF8162441E700CEEE31 /* Default-568h@2x.png */ = {isa = PBXFileReference; lastKnownFileType = image.png; path = "Default-568h@2x.png"; sourceTree = "<group>"; };
		78B71A0C15965D9100C82D5F /* RegViewController.h */ = {isa = PBXFileReference; fileEncoding = 4; lastKnownFileType = sourcecode.c.h; path = RegViewController.h; sourceTree = "<group>"; };
		78B71A0D15965D9100C82D5F /* RegViewController.m */ = {isa = PBXFileReference; fileEncoding = 4; lastKnownFileType = sourcecode.c.objc; path = RegViewController.m; sourceTree = "<group>"; };
		78B71A0E15965D9100C82D5F /* RegViewController.xib */ = {isa = PBXFileReference; fileEncoding = 4; lastKnownFileType = file.xib; path = RegViewController.xib; sourceTree = "<group>"; };
		78C4895516330EB4005B72BA /* 96-book.png */ = {isa = PBXFileReference; lastKnownFileType = image.png; path = "96-book.png"; sourceTree = "<group>"; };
		78C4895616330EB4005B72BA /* backgroun_w_logo.png */ = {isa = PBXFileReference; lastKnownFileType = image.png; path = backgroun_w_logo.png; sourceTree = "<group>"; };
		78C4895716330EB4005B72BA /* backgroun_w_logo@2x.png */ = {isa = PBXFileReference; lastKnownFileType = image.png; path = "backgroun_w_logo@2x.png"; sourceTree = "<group>"; };
		78C4895816330EB4005B72BA /* background_plain.png */ = {isa = PBXFileReference; lastKnownFileType = image.png; path = background_plain.png; sourceTree = "<group>"; };
		78C4895916330EB4005B72BA /* background_plain@2x.png */ = {isa = PBXFileReference; lastKnownFileType = image.png; path = "background_plain@2x.png"; sourceTree = "<group>"; };
		78C4895A16330EB4005B72BA /* background_w_logo.png */ = {isa = PBXFileReference; lastKnownFileType = image.png; path = background_w_logo.png; sourceTree = "<group>"; };
		78C4895B16330EB4005B72BA /* background_w_logo@2x.png */ = {isa = PBXFileReference; lastKnownFileType = image.png; path = "background_w_logo@2x.png"; sourceTree = "<group>"; };
		78C4895C16330EB4005B72BA /* background.png */ = {isa = PBXFileReference; lastKnownFileType = image.png; path = background.png; sourceTree = "<group>"; };
		78C4895D16330EB4005B72BA /* background@2x.png */ = {isa = PBXFileReference; lastKnownFileType = image.png; path = "background@2x.png"; sourceTree = "<group>"; };
		78C4895E16330EB4005B72BA /* blue_button.png */ = {isa = PBXFileReference; lastKnownFileType = image.png; path = blue_button.png; sourceTree = "<group>"; };
		78C4895F16330EB4005B72BA /* blue_button@2x.png */ = {isa = PBXFileReference; lastKnownFileType = image.png; path = "blue_button@2x.png"; sourceTree = "<group>"; };
		78C4896116330EB4005B72BA /* cassbeats_tutorial_text.png */ = {isa = PBXFileReference; lastKnownFileType = image.png; path = cassbeats_tutorial_text.png; sourceTree = "<group>"; };
		78C4896216330EB4005B72BA /* cassbeats-case-logo.png */ = {isa = PBXFileReference; lastKnownFileType = image.png; path = "cassbeats-case-logo.png"; sourceTree = "<group>"; };
		78C4896316330EB4005B72BA /* cassbeats-case-logo@2x.png */ = {isa = PBXFileReference; lastKnownFileType = image.png; path = "cassbeats-case-logo@2x.png"; sourceTree = "<group>"; };
		78C4896416330EB4005B72BA /* Default.png */ = {isa = PBXFileReference; lastKnownFileType = image.png; path = Default.png; sourceTree = "<group>"; };
		78C4896516330EB4005B72BA /* Default@2x.png */ = {isa = PBXFileReference; lastKnownFileType = image.png; path = "Default@2x.png"; sourceTree = "<group>"; };
		78C4896616330EB4005B72BA /* icon_folder_bookmark.png */ = {isa = PBXFileReference; lastKnownFileType = image.png; path = icon_folder_bookmark.png; sourceTree = "<group>"; };
		78C4896716330EB4005B72BA /* icon_folder_bookmark@2x.png */ = {isa = PBXFileReference; lastKnownFileType = image.png; path = "icon_folder_bookmark@2x.png"; sourceTree = "<group>"; };
		78C4896A16330EB4005B72BA /* left_nav_button.png */ = {isa = PBXFileReference; lastKnownFileType = image.png; path = left_nav_button.png; sourceTree = "<group>"; };
		78C4896B16330EB4005B72BA /* left_nav_button@2x.png */ = {isa = PBXFileReference; lastKnownFileType = image.png; path = "left_nav_button@2x.png"; sourceTree = "<group>"; };
		78C4896C16330EB4005B72BA /* logo.png */ = {isa = PBXFileReference; lastKnownFileType = image.png; path = logo.png; sourceTree = "<group>"; };
		78C4896D16330EB4005B72BA /* logo@2x.png */ = {isa = PBXFileReference; lastKnownFileType = image.png; path = "logo@2x.png"; sourceTree = "<group>"; };
		78C4897016330EB4005B72BA /* navbar.png */ = {isa = PBXFileReference; lastKnownFileType = image.png; path = navbar.png; sourceTree = "<group>"; };
		78C4897116330EB4005B72BA /* navbar@2x.png */ = {isa = PBXFileReference; lastKnownFileType = image.png; path = "navbar@2x.png"; sourceTree = "<group>"; };
		78C4897216330EB4005B72BA /* navbar2_bg.png */ = {isa = PBXFileReference; lastKnownFileType = image.png; path = navbar2_bg.png; sourceTree = "<group>"; };
		78C4897316330EB4005B72BA /* navbar2_bg@2x.png */ = {isa = PBXFileReference; lastKnownFileType = image.png; path = "navbar2_bg@2x.png"; sourceTree = "<group>"; };
		78C4897416330EB4005B72BA /* orange_button.png */ = {isa = PBXFileReference; lastKnownFileType = image.png; path = orange_button.png; sourceTree = "<group>"; };
		78C4897516330EB4005B72BA /* orange_button@2px.png */ = {isa = PBXFileReference; lastKnownFileType = image.png; path = "orange_button@2px.png"; sourceTree = "<group>"; };
		78C4897616330EB4005B72BA /* right_nav_button.png */ = {isa = PBXFileReference; lastKnownFileType = image.png; path = right_nav_button.png; sourceTree = "<group>"; };
		78C4897716330EB4005B72BA /* right_nav_button@2x.png */ = {isa = PBXFileReference; lastKnownFileType = image.png; path = "right_nav_button@2x.png"; sourceTree = "<group>"; };
		78C4897816330EB4005B72BA /* tabbar_bg.png */ = {isa = PBXFileReference; lastKnownFileType = image.png; path = tabbar_bg.png; sourceTree = "<group>"; };
		78C4897916330EB4005B72BA /* tabbar_bg@2x.png */ = {isa = PBXFileReference; lastKnownFileType = image.png; path = "tabbar_bg@2x.png"; sourceTree = "<group>"; };
		78C489A51633149B005B72BA /* 96-book@2x.png */ = {isa = PBXFileReference; lastKnownFileType = image.png; path = "96-book@2x.png"; sourceTree = "<group>"; };
		78C489A61633149B005B72BA /* cassbeats_tutorial_text@2x.png */ = {isa = PBXFileReference; lastKnownFileType = image.png; path = "cassbeats_tutorial_text@2x.png"; sourceTree = "<group>"; };
		78C489AD163361A4005B72BA /* appIcon.png */ = {isa = PBXFileReference; lastKnownFileType = image.png; name = appIcon.png; path = ../appIcon.png; sourceTree = "<group>"; };
		78C489AF163361B0005B72BA /* appIcon@2x.png */ = {isa = PBXFileReference; lastKnownFileType = image.png; name = "appIcon@2x.png"; path = "../appIcon@2x.png"; sourceTree = "<group>"; };
		78DFDF4C15500177008FF2FF /* CassBeats.app */ = {isa = PBXFileReference; explicitFileType = wrapper.application; includeInIndex = 0; path = CassBeats.app; sourceTree = BUILT_PRODUCTS_DIR; };
		78DFDF5015500177008FF2FF /* UIKit.framework */ = {isa = PBXFileReference; lastKnownFileType = wrapper.framework; name = UIKit.framework; path = System/Library/Frameworks/UIKit.framework; sourceTree = SDKROOT; };
		78DFDF5215500177008FF2FF /* Foundation.framework */ = {isa = PBXFileReference; lastKnownFileType = wrapper.framework; name = Foundation.framework; path = System/Library/Frameworks/Foundation.framework; sourceTree = SDKROOT; };
		78DFDF5415500177008FF2FF /* CoreGraphics.framework */ = {isa = PBXFileReference; lastKnownFileType = wrapper.framework; name = CoreGraphics.framework; path = System/Library/Frameworks/CoreGraphics.framework; sourceTree = SDKROOT; };
		78DFDF5815500177008FF2FF /* cassbeats1-Info.plist */ = {isa = PBXFileReference; lastKnownFileType = text.plist.xml; path = "cassbeats1-Info.plist"; sourceTree = "<group>"; };
		78DFDF5A15500178008FF2FF /* en */ = {isa = PBXFileReference; lastKnownFileType = text.plist.strings; name = en; path = en.lproj/InfoPlist.strings; sourceTree = "<group>"; };
		78DFDF5C15500178008FF2FF /* main.m */ = {isa = PBXFileReference; lastKnownFileType = sourcecode.c.objc; path = main.m; sourceTree = "<group>"; };
		78DFDF5E15500178008FF2FF /* cassbeats1-Prefix.pch */ = {isa = PBXFileReference; lastKnownFileType = sourcecode.c.h; path = "cassbeats1-Prefix.pch"; sourceTree = "<group>"; };
		78DFDF5F15500178008FF2FF /* AppDelegate.h */ = {isa = PBXFileReference; lastKnownFileType = sourcecode.c.h; path = AppDelegate.h; sourceTree = "<group>"; };
		78DFDF6015500178008FF2FF /* AppDelegate.m */ = {isa = PBXFileReference; lastKnownFileType = sourcecode.c.objc; path = AppDelegate.m; sourceTree = "<group>"; };
		78DFDF67155001E0008FF2FF /* MainWindow.xib */ = {isa = PBXFileReference; fileEncoding = 4; lastKnownFileType = file.xib; path = MainWindow.xib; sourceTree = "<group>"; };
		78DFDF6C155004CE008FF2FF /* LoginViewController.h */ = {isa = PBXFileReference; fileEncoding = 4; lastKnownFileType = sourcecode.c.h; path = LoginViewController.h; sourceTree = "<group>"; };
		78DFDF6D155004CE008FF2FF /* LoginViewController.m */ = {isa = PBXFileReference; fileEncoding = 4; lastKnownFileType = sourcecode.c.objc; path = LoginViewController.m; sourceTree = "<group>"; };
		78DFDF6E155004CE008FF2FF /* LoginViewController.xib */ = {isa = PBXFileReference; fileEncoding = 4; lastKnownFileType = file.xib; path = LoginViewController.xib; sourceTree = "<group>"; };
		78DFDF7115500738008FF2FF /* AppModel.h */ = {isa = PBXFileReference; fileEncoding = 4; lastKnownFileType = sourcecode.c.h; path = AppModel.h; sourceTree = "<group>"; };
		78DFDF7215500738008FF2FF /* AppModel.m */ = {isa = PBXFileReference; fileEncoding = 4; lastKnownFileType = sourcecode.c.objc; path = AppModel.m; sourceTree = "<group>"; };
		78DFDFAA155286A2008FF2FF /* CoreData.framework */ = {isa = PBXFileReference; lastKnownFileType = wrapper.framework; name = CoreData.framework; path = System/Library/Frameworks/CoreData.framework; sourceTree = SDKROOT; };
		78DFDFAF15528C15008FF2FF /* CassBeatsPro.xcdatamodel */ = {isa = PBXFileReference; lastKnownFileType = wrapper.xcdatamodel; path = CassBeatsPro.xcdatamodel; sourceTree = "<group>"; };
		78E3E24216369D900033DBDD /* cassbeats-case-logo2x_copy.png */ = {isa = PBXFileReference; lastKnownFileType = image.png; path = "cassbeats-case-logo2x_copy.png"; sourceTree = "<group>"; };
		78E3E24416369F8D0033DBDD /* CassBeats-Mobile-Logo-text.png */ = {isa = PBXFileReference; lastKnownFileType = image.png; path = "CassBeats-Mobile-Logo-text.png"; sourceTree = "<group>"; };
		78E4B16515611D6100B0074A /* SelectContactViewController.h */ = {isa = PBXFileReference; fileEncoding = 4; lastKnownFileType = sourcecode.c.h; path = SelectContactViewController.h; sourceTree = "<group>"; };
		78E4B16615611D6100B0074A /* SelectContactViewController.m */ = {isa = PBXFileReference; fileEncoding = 4; lastKnownFileType = sourcecode.c.objc; path = SelectContactViewController.m; sourceTree = "<group>"; };
		78E4B16715611D6100B0074A /* SelectContactViewController.xib */ = {isa = PBXFileReference; fileEncoding = 4; lastKnownFileType = file.xib; path = SelectContactViewController.xib; sourceTree = "<group>"; };
		78E8355E162EA982009C8E35 /* TutorialViewController.xib */ = {isa = PBXFileReference; fileEncoding = 4; lastKnownFileType = file.xib; path = TutorialViewController.xib; sourceTree = "<group>"; };
		78E8356E162FF5FB009C8E35 /* TutorialViewController.h */ = {isa = PBXFileReference; fileEncoding = 4; lastKnownFileType = sourcecode.c.h; path = TutorialViewController.h; sourceTree = "<group>"; };
		78E8356F162FF5FB009C8E35 /* TutorialViewController.m */ = {isa = PBXFileReference; fileEncoding = 4; lastKnownFileType = sourcecode.c.objc; path = TutorialViewController.m; sourceTree = "<group>"; };
		78FE926A163A904700EAC7DD /* Submission.h */ = {isa = PBXFileReference; fileEncoding = 4; lastKnownFileType = sourcecode.c.h; path = Submission.h; sourceTree = "<group>"; };
		78FE926B163A904700EAC7DD /* Submission.m */ = {isa = PBXFileReference; fileEncoding = 4; lastKnownFileType = sourcecode.c.objc; path = Submission.m; sourceTree = "<group>"; };
/* End PBXFileReference section */

/* Begin PBXFrameworksBuildPhase section */
		78DFDF4915500177008FF2FF /* Frameworks */ = {
			isa = PBXFrameworksBuildPhase;
			buildActionMask = 2147483647;
			files = (
				78AB00861592AD4300F625DE /* QuartzCore.framework in Frameworks */,
				78AB00841592A60500F625DE /* Security.framework in Frameworks */,
				78111E0E155D14DB000A3337 /* AddressBookUI.framework in Frameworks */,
				78111E0C155D14D6000A3337 /* AddressBook.framework in Frameworks */,
				78DFDFAB155286A2008FF2FF /* CoreData.framework in Frameworks */,
				78DFDF5115500177008FF2FF /* UIKit.framework in Frameworks */,
				78DFDF5315500177008FF2FF /* Foundation.framework in Frameworks */,
				78DFDF5515500177008FF2FF /* CoreGraphics.framework in Frameworks */,
			);
			runOnlyForDeploymentPostprocessing = 0;
		};
/* End PBXFrameworksBuildPhase section */

/* Begin PBXGroup section */
		78092CE4157A509200D4A870 /* Resources */ = {
			isa = PBXGroup;
			children = (
				78E3E24416369F8D0033DBDD /* CassBeats-Mobile-Logo-text.png */,
				78E3E24216369D900033DBDD /* cassbeats-case-logo2x_copy.png */,
				78C489AF163361B0005B72BA /* appIcon@2x.png */,
				78C489AD163361A4005B72BA /* appIcon.png */,
				78C489A51633149B005B72BA /* 96-book@2x.png */,
				78C489A61633149B005B72BA /* cassbeats_tutorial_text@2x.png */,
				78C4895516330EB4005B72BA /* 96-book.png */,
				78C4895616330EB4005B72BA /* backgroun_w_logo.png */,
				78C4895716330EB4005B72BA /* backgroun_w_logo@2x.png */,
				78C4895816330EB4005B72BA /* background_plain.png */,
				78C4895916330EB4005B72BA /* background_plain@2x.png */,
				78C4895A16330EB4005B72BA /* background_w_logo.png */,
				78C4895B16330EB4005B72BA /* background_w_logo@2x.png */,
				78C4895C16330EB4005B72BA /* background.png */,
				78C4895D16330EB4005B72BA /* background@2x.png */,
				78C4895E16330EB4005B72BA /* blue_button.png */,
				78C4895F16330EB4005B72BA /* blue_button@2x.png */,
				78C4896116330EB4005B72BA /* cassbeats_tutorial_text.png */,
				78C4896216330EB4005B72BA /* cassbeats-case-logo.png */,
				78C4896316330EB4005B72BA /* cassbeats-case-logo@2x.png */,
				78C4896416330EB4005B72BA /* Default.png */,
				78C4896516330EB4005B72BA /* Default@2x.png */,
				78C4896616330EB4005B72BA /* icon_folder_bookmark.png */,
				78C4896716330EB4005B72BA /* icon_folder_bookmark@2x.png */,
				78C4896A16330EB4005B72BA /* left_nav_button.png */,
				78C4896B16330EB4005B72BA /* left_nav_button@2x.png */,
				78C4896C16330EB4005B72BA /* logo.png */,
				78C4896D16330EB4005B72BA /* logo@2x.png */,
				78C4897016330EB4005B72BA /* navbar.png */,
				78C4897116330EB4005B72BA /* navbar@2x.png */,
				78C4897216330EB4005B72BA /* navbar2_bg.png */,
				78C4897316330EB4005B72BA /* navbar2_bg@2x.png */,
				78C4897416330EB4005B72BA /* orange_button.png */,
				78C4897516330EB4005B72BA /* orange_button@2px.png */,
				78C4897616330EB4005B72BA /* right_nav_button.png */,
				78C4897716330EB4005B72BA /* right_nav_button@2x.png */,
				78C4897816330EB4005B72BA /* tabbar_bg.png */,
				78C4897916330EB4005B72BA /* tabbar_bg@2x.png */,
			);
			name = Resources;
			sourceTree = "<group>";
		};
		78111DFF155C7597000A3337 /* View */ = {
			isa = PBXGroup;
			children = (
				78E8355E162EA982009C8E35 /* TutorialViewController.xib */,
				783BFD0F15741CCF00D4CC1E /* WriteSubmissionMessage.h */,
				783BFD1015741CCF00D4CC1E /* WriteSubmissionMessage.m */,
				783BFD1115741CD000D4CC1E /* WriteSubmissionMessage.xib */,
				78DFDF6C155004CE008FF2FF /* LoginViewController.h */,
				78DFDF6D155004CE008FF2FF /* LoginViewController.m */,
				78DFDF6E155004CE008FF2FF /* LoginViewController.xib */,
				789ACB001558A59200E6C53A /* SubmissionViewController.h */,
				789ACB011558A59200E6C53A /* SubmissionViewController.m */,
				789ACB021558A59200E6C53A /* SubmissionViewController.xib */,
				78111E06155D12B7000A3337 /* CreateSubmissionViewController.h */,
				78111E07155D12B7000A3337 /* CreateSubmissionViewController.m */,
				78111E08155D12B7000A3337 /* CreateSubmissionViewController.xib */,
				78E4B16515611D6100B0074A /* SelectContactViewController.h */,
				78E4B16615611D6100B0074A /* SelectContactViewController.m */,
				78E4B16715611D6100B0074A /* SelectContactViewController.xib */,
				78759F3B156C5E4700E24826 /* SelectTrackViewController.h */,
				78759F3C156C5E4700E24826 /* SelectTrackViewController.m */,
				78759F3D156C5E4700E24826 /* SelectTrackViewController.xib */,
				783BFD1A15744A3400D4CC1E /* ViewPastSubmissionsController.h */,
				783BFD1B15744A3400D4CC1E /* ViewPastSubmissionsController.m */,
				783BFD1C15744A3500D4CC1E /* ViewPastSubmissionsController.xib */,
				78B71A0C15965D9100C82D5F /* RegViewController.h */,
				78B71A0D15965D9100C82D5F /* RegViewController.m */,
				78B71A0E15965D9100C82D5F /* RegViewController.xib */,
				787F6657159BAAB7001766B7 /* SubmissionDetailsViewController.h */,
				787F6658159BAAB7001766B7 /* SubmissionDetailsViewController.m */,
				787F6659159BAAB7001766B7 /* SubmissionDetailsViewController.xib */,
				7874C5E0159E12D500A9A327 /* CustomRegisterViewController.h */,
				7874C5E1159E12D600A9A327 /* CustomRegisterViewController.m */,
				7874C5E2159E12D600A9A327 /* CustomRegisterViewController.xib */,
				78E8356E162FF5FB009C8E35 /* TutorialViewController.h */,
				78E8356F162FF5FB009C8E35 /* TutorialViewController.m */,
			);
			name = View;
			sourceTree = "<group>";
		};
		78DFDF4115500177008FF2FF = {
			isa = PBXGroup;
			children = (
				78B56BF8162441E700CEEE31 /* Default-568h@2x.png */,
				78AB00851592AD4300F625DE /* QuartzCore.framework */,
				78AB00831592A60500F625DE /* Security.framework */,
				78DFDF5615500177008FF2FF /* cassbeats1 */,
				78DFDF4F15500177008FF2FF /* Frameworks */,
				78DFDF4D15500177008FF2FF /* Products */,
			);
			sourceTree = "<group>";
		};
		78DFDF4D15500177008FF2FF /* Products */ = {
			isa = PBXGroup;
			children = (
				78DFDF4C15500177008FF2FF /* CassBeats.app */,
			);
			name = Products;
			sourceTree = "<group>";
		};
		78DFDF4F15500177008FF2FF /* Frameworks */ = {
			isa = PBXGroup;
			children = (
				78111E0B155D14D6000A3337 /* AddressBook.framework */,
				78111E0D155D14DB000A3337 /* AddressBookUI.framework */,
				78DFDFAA155286A2008FF2FF /* CoreData.framework */,
				78DFDF5015500177008FF2FF /* UIKit.framework */,
				78DFDF5215500177008FF2FF /* Foundation.framework */,
				78DFDF5415500177008FF2FF /* CoreGraphics.framework */,
			);
			name = Frameworks;
			sourceTree = "<group>";
		};
		78DFDF5615500177008FF2FF /* cassbeats1 */ = {
			isa = PBXGroup;
			children = (
				78092CE4157A509200D4A870 /* Resources */,
				78DFDF5F15500178008FF2FF /* AppDelegate.h */,
				78DFDF6015500178008FF2FF /* AppDelegate.m */,
				78DFDF5715500177008FF2FF /* Supporting Files */,
				78DFDF67155001E0008FF2FF /* MainWindow.xib */,
				78111DFF155C7597000A3337 /* View */,
				78DFDFAD15528BD5008FF2FF /* Model */,
			);
			path = cassbeats1;
			sourceTree = "<group>";
		};
		78DFDF5715500177008FF2FF /* Supporting Files */ = {
			isa = PBXGroup;
			children = (
				78DFDF5815500177008FF2FF /* cassbeats1-Info.plist */,
				78DFDF5915500178008FF2FF /* InfoPlist.strings */,
				78DFDF5C15500178008FF2FF /* main.m */,
				78DFDF5E15500178008FF2FF /* cassbeats1-Prefix.pch */,
			);
			name = "Supporting Files";
			sourceTree = "<group>";
		};
		78DFDFAD15528BD5008FF2FF /* Model */ = {
			isa = PBXGroup;
			children = (
				783BFD0C1573FE4F00D4CC1E /* Contact.h */,
				783BFD0D1573FE5000D4CC1E /* Contact.m */,
				783BFD061573FE4F00D4CC1E /* User.h */,
				783BFD071573FE4F00D4CC1E /* User.m */,
				783BFD031573FE4E00D4CC1E /* Track.h */,
				783BFD041573FE4E00D4CC1E /* Track.m */,
				78DFDF7115500738008FF2FF /* AppModel.h */,
				78DFDF7215500738008FF2FF /* AppModel.m */,
				78DFDFAE15528C15008FF2FF /* CassBeatsPro.xcdatamodeld */,
				78FE926A163A904700EAC7DD /* Submission.h */,
				78FE926B163A904700EAC7DD /* Submission.m */,
				781B0EA8156671AC00FB45D3 /* MyContact.h */,
				781B0EA9156671AC00FB45D3 /* MyContact.m */,
				78759F47156C685000E24826 /* MyTrack.h */,
				78759F48156C685000E24826 /* MyTrack.m */,
			);
			name = Model;
			sourceTree = "<group>";
		};
/* End PBXGroup section */

/* Begin PBXNativeTarget section */
		78DFDF4B15500177008FF2FF /* cassbeats1 */ = {
			isa = PBXNativeTarget;
			buildConfigurationList = 78DFDF6415500178008FF2FF /* Build configuration list for PBXNativeTarget "cassbeats1" */;
			buildPhases = (
				78DFDF4815500177008FF2FF /* Sources */,
				78DFDF4915500177008FF2FF /* Frameworks */,
				78DFDF4A15500177008FF2FF /* Resources */,
			);
			buildRules = (
			);
			dependencies = (
			);
			name = cassbeats1;
			productName = cassbeats1;
			productReference = 78DFDF4C15500177008FF2FF /* CassBeats.app */;
			productType = "com.apple.product-type.application";
		};
/* End PBXNativeTarget section */

/* Begin PBXProject section */
		78DFDF4315500177008FF2FF /* Project object */ = {
			isa = PBXProject;
			attributes = {
				LastUpgradeCheck = 0450;
				ORGANIZATIONNAME = "CassBeats LLC";
			};
			buildConfigurationList = 78DFDF4615500177008FF2FF /* Build configuration list for PBXProject "cassbeats1" */;
			compatibilityVersion = "Xcode 3.2";
			developmentRegion = English;
			hasScannedForEncodings = 0;
			knownRegions = (
				en,
			);
			mainGroup = 78DFDF4115500177008FF2FF;
			productRefGroup = 78DFDF4D15500177008FF2FF /* Products */;
			projectDirPath = "";
			projectRoot = "";
			targets = (
				78DFDF4B15500177008FF2FF /* cassbeats1 */,
			);
		};
/* End PBXProject section */

/* Begin PBXResourcesBuildPhase section */
		78DFDF4A15500177008FF2FF /* Resources */ = {
			isa = PBXResourcesBuildPhase;
			buildActionMask = 2147483647;
			files = (
				78DFDF5B15500178008FF2FF /* InfoPlist.strings in Resources */,
				78DFDF68155001E0008FF2FF /* MainWindow.xib in Resources */,
				78DFDF70155004CE008FF2FF /* LoginViewController.xib in Resources */,
				789ACB041558A59200E6C53A /* SubmissionViewController.xib in Resources */,
				78111E0A155D12B7000A3337 /* CreateSubmissionViewController.xib in Resources */,
				78E4B16915611D6100B0074A /* SelectContactViewController.xib in Resources */,
				78759F3F156C5E4700E24826 /* SelectTrackViewController.xib in Resources */,
				783BFD1315741CD000D4CC1E /* WriteSubmissionMessage.xib in Resources */,
				783BFD1E15744A3500D4CC1E /* ViewPastSubmissionsController.xib in Resources */,
				78B71A1015965D9100C82D5F /* RegViewController.xib in Resources */,
				787F665B159BAAB7001766B7 /* SubmissionDetailsViewController.xib in Resources */,
				7874C5E4159E12D600A9A327 /* CustomRegisterViewController.xib in Resources */,
				78B56BF9162441E700CEEE31 /* Default-568h@2x.png in Resources */,
				78E83560162EA982009C8E35 /* TutorialViewController.xib in Resources */,
				78C4897D16330EB4005B72BA /* 96-book.png in Resources */,
				78C4897E16330EB4005B72BA /* backgroun_w_logo.png in Resources */,
				78C4897F16330EB4005B72BA /* backgroun_w_logo@2x.png in Resources */,
				78C4898016330EB4005B72BA /* background_plain.png in Resources */,
				78C4898116330EB4005B72BA /* background_plain@2x.png in Resources */,
				78C4898216330EB4005B72BA /* background_w_logo.png in Resources */,
				78C4898316330EB4005B72BA /* background_w_logo@2x.png in Resources */,
				78C4898416330EB4005B72BA /* background.png in Resources */,
				78C4898516330EB4005B72BA /* background@2x.png in Resources */,
				78C4898616330EB4005B72BA /* blue_button.png in Resources */,
				78C4898716330EB4005B72BA /* blue_button@2x.png in Resources */,
				78C4898916330EB4005B72BA /* cassbeats_tutorial_text.png in Resources */,
				78C4898A16330EB4005B72BA /* cassbeats-case-logo.png in Resources */,
				78C4898B16330EB4005B72BA /* cassbeats-case-logo@2x.png in Resources */,
				78C4898C16330EB4005B72BA /* Default.png in Resources */,
				78C4898D16330EB4005B72BA /* Default@2x.png in Resources */,
				78C4898E16330EB4005B72BA /* icon_folder_bookmark.png in Resources */,
				78C4898F16330EB4005B72BA /* icon_folder_bookmark@2x.png in Resources */,
				78C4899216330EB4005B72BA /* left_nav_button.png in Resources */,
				78C4899316330EB4005B72BA /* left_nav_button@2x.png in Resources */,
				78C4899416330EB4005B72BA /* logo.png in Resources */,
				78C4899516330EB4005B72BA /* logo@2x.png in Resources */,
				78C4899816330EB4005B72BA /* navbar.png in Resources */,
				78C4899916330EB4005B72BA /* navbar@2x.png in Resources */,
				78C4899A16330EB4005B72BA /* navbar2_bg.png in Resources */,
				78C4899B16330EB4005B72BA /* navbar2_bg@2x.png in Resources */,
				78C4899C16330EB4005B72BA /* orange_button.png in Resources */,
				78C4899D16330EB4005B72BA /* orange_button@2px.png in Resources */,
				78C4899E16330EB4005B72BA /* right_nav_button.png in Resources */,
				78C4899F16330EB4005B72BA /* right_nav_button@2x.png in Resources */,
				78C489A016330EB4005B72BA /* tabbar_bg.png in Resources */,
				78C489A116330EB4005B72BA /* tabbar_bg@2x.png in Resources */,
				78C489A71633149B005B72BA /* 96-book@2x.png in Resources */,
				78C489A81633149B005B72BA /* cassbeats_tutorial_text@2x.png in Resources */,
				78C489AE163361A4005B72BA /* appIcon.png in Resources */,
				78C489B0163361B0005B72BA /* appIcon@2x.png in Resources */,
				78E3E24316369D900033DBDD /* cassbeats-case-logo2x_copy.png in Resources */,
				78E3E24516369F8D0033DBDD /* CassBeats-Mobile-Logo-text.png in Resources */,
			);
			runOnlyForDeploymentPostprocessing = 0;
		};
/* End PBXResourcesBuildPhase section */

/* Begin PBXSourcesBuildPhase section */
		78DFDF4815500177008FF2FF /* Sources */ = {
			isa = PBXSourcesBuildPhase;
			buildActionMask = 2147483647;
			files = (
				78DFDF5D15500178008FF2FF /* main.m in Sources */,
				78DFDF6115500178008FF2FF /* AppDelegate.m in Sources */,
				78DFDF6F155004CE008FF2FF /* LoginViewController.m in Sources */,
				78DFDF7315500738008FF2FF /* AppModel.m in Sources */,
				78DFDFB015528C15008FF2FF /* CassBeatsPro.xcdatamodeld in Sources */,
				789ACB031558A59200E6C53A /* SubmissionViewController.m in Sources */,
				78111E09155D12B7000A3337 /* CreateSubmissionViewController.m in Sources */,
				78E4B16815611D6100B0074A /* SelectContactViewController.m in Sources */,
				781B0EAA156671AC00FB45D3 /* MyContact.m in Sources */,
				78759F3E156C5E4700E24826 /* SelectTrackViewController.m in Sources */,
				78759F49156C685000E24826 /* MyTrack.m in Sources */,
				783BFD051573FE4E00D4CC1E /* Track.m in Sources */,
				783BFD081573FE4F00D4CC1E /* User.m in Sources */,
				783BFD0E1573FE5000D4CC1E /* Contact.m in Sources */,
				783BFD1215741CD000D4CC1E /* WriteSubmissionMessage.m in Sources */,
				783BFD1D15744A3500D4CC1E /* ViewPastSubmissionsController.m in Sources */,
				78B71A0F15965D9100C82D5F /* RegViewController.m in Sources */,
				787F665A159BAAB7001766B7 /* SubmissionDetailsViewController.m in Sources */,
				7874C5E3159E12D600A9A327 /* CustomRegisterViewController.m in Sources */,
				78E83570162FF5FC009C8E35 /* TutorialViewController.m in Sources */,
				78FE926C163A904700EAC7DD /* Submission.m in Sources */,
			);
			runOnlyForDeploymentPostprocessing = 0;
		};
/* End PBXSourcesBuildPhase section */

/* Begin PBXVariantGroup section */
		78DFDF5915500178008FF2FF /* InfoPlist.strings */ = {
			isa = PBXVariantGroup;
			children = (
				78DFDF5A15500178008FF2FF /* en */,
			);
			name = InfoPlist.strings;
			sourceTree = "<group>";
		};
/* End PBXVariantGroup section */

/* Begin XCBuildConfiguration section */
		78DFDF6215500178008FF2FF /* Debug */ = {
			isa = XCBuildConfiguration;
			buildSettings = {
				ALWAYS_SEARCH_USER_PATHS = NO;
				ARCHS = "$(ARCHS_STANDARD_32_BIT)";
				CLANG_ENABLE_OBJC_ARC = YES;
				"CODE_SIGN_IDENTITY[sdk=iphoneos*]" = "iPhone Developer";
				COPY_PHASE_STRIP = NO;
				GCC_C_LANGUAGE_STANDARD = gnu99;
				GCC_DYNAMIC_NO_PIC = NO;
				GCC_OPTIMIZATION_LEVEL = 0;
				GCC_PREPROCESSOR_DEFINITIONS = (
					"DEBUG=1",
					"$(inherited)",
				);
				GCC_SYMBOLS_PRIVATE_EXTERN = NO;
				GCC_VERSION = "";
				GCC_WARN_ABOUT_MISSING_PROTOTYPES = YES;
				GCC_WARN_ABOUT_RETURN_TYPE = YES;
				GCC_WARN_UNUSED_VARIABLE = YES;
				IPHONEOS_DEPLOYMENT_TARGET = 6.0;
				SDKROOT = iphoneos;
			};
			name = Debug;
		};
		78DFDF6315500178008FF2FF /* Release */ = {
			isa = XCBuildConfiguration;
			buildSettings = {
				ALWAYS_SEARCH_USER_PATHS = NO;
				ARCHS = "$(ARCHS_STANDARD_32_BIT)";
				CLANG_ENABLE_OBJC_ARC = YES;
				"CODE_SIGN_IDENTITY[sdk=iphoneos*]" = "iPhone Developer";
				COPY_PHASE_STRIP = YES;
				GCC_C_LANGUAGE_STANDARD = gnu99;
				GCC_VERSION = "";
				GCC_WARN_ABOUT_MISSING_PROTOTYPES = YES;
				GCC_WARN_ABOUT_RETURN_TYPE = YES;
				GCC_WARN_UNUSED_VARIABLE = YES;
				IPHONEOS_DEPLOYMENT_TARGET = 6.0;
				OTHER_CFLAGS = "-DNS_BLOCK_ASSERTIONS=1";
				SDKROOT = iphoneos;
				VALIDATE_PRODUCT = YES;
			};
			name = Release;
		};
		78DFDF6515500178008FF2FF /* Debug */ = {
			isa = XCBuildConfiguration;
			buildSettings = {
				FRAMEWORK_SEARCH_PATHS = (
					"$(inherited)",
					"\"$(SRCROOT)\"",
				);
				GCC_PRECOMPILE_PREFIX_HEADER = YES;
				GCC_PREFIX_HEADER = "cassbeats1/cassbeats1-Prefix.pch";
				INFOPLIST_FILE = "cassbeats1/cassbeats1-Info.plist";
				IPHONEOS_DEPLOYMENT_TARGET = 6.0;
				PRODUCT_NAME = CassBeats;
				WRAPPER_EXTENSION = app;
			};
			name = Debug;
		};
		78DFDF6615500178008FF2FF /* Release */ = {
			isa = XCBuildConfiguration;
			buildSettings = {
				FRAMEWORK_SEARCH_PATHS = (
					"$(inherited)",
					"\"$(SRCROOT)\"",
				);
				GCC_PRECOMPILE_PREFIX_HEADER = YES;
				GCC_PREFIX_HEADER = "cassbeats1/cassbeats1-Prefix.pch";
				INFOPLIST_FILE = "cassbeats1/cassbeats1-Info.plist";
				IPHONEOS_DEPLOYMENT_TARGET = 6.0;
				PRODUCT_NAME = CassBeats;
				WRAPPER_EXTENSION = app;
			};
			name = Release;
		};
/* End XCBuildConfiguration section */

/* Begin XCConfigurationList section */
		78DFDF4615500177008FF2FF /* Build configuration list for PBXProject "cassbeats1" */ = {
			isa = XCConfigurationList;
			buildConfigurations = (
				78DFDF6215500178008FF2FF /* Debug */,
				78DFDF6315500178008FF2FF /* Release */,
			);
			defaultConfigurationIsVisible = 0;
			defaultConfigurationName = Release;
		};
		78DFDF6415500178008FF2FF /* Build configuration list for PBXNativeTarget "cassbeats1" */ = {
			isa = XCConfigurationList;
			buildConfigurations = (
				78DFDF6515500178008FF2FF /* Debug */,
				78DFDF6615500178008FF2FF /* Release */,
			);
			defaultConfigurationIsVisible = 0;
			defaultConfigurationName = Release;
		};
/* End XCConfigurationList section */

/* Begin XCVersionGroup section */
		78DFDFAE15528C15008FF2FF /* CassBeatsPro.xcdatamodeld */ = {
			isa = XCVersionGroup;
			children = (
				78DFDFAF15528C15008FF2FF /* CassBeatsPro.xcdatamodel */,
			);
			currentVersion = 78DFDFAF15528C15008FF2FF /* CassBeatsPro.xcdatamodel */;
			path = CassBeatsPro.xcdatamodeld;
			sourceTree = "<group>";
			versionGroupType = wrapper.xcdatamodel;
		};
/* End XCVersionGroup section */
	};
	rootObject = 78DFDF4315500177008FF2FF /* Project object */;
}
